
Microsoft Visual Studio Solution File, Format Version 12.00
# Visual Studio 15
VisualStudioVersion = 15.0.28010.2019
MinimumVisualStudioVersion = 10.0.40219.1
Project("{FAE04EC0-301F-11D3-BF4B-00C04F79EFBC}") = "MvcMovie", "MvcMovie\MvcMovie.csproj", "{2ECDC2D2-7625-4659-8617-F05552FEF44E}"
EndProject
Global
	GlobalSection(SolutionConfigurationPlatforms) = preSolution
		Debug|Any CPU = Debug|Any CPU
		Release|Any CPU = Release|Any CPU
	EndGlobalSection
	GlobalSection(ProjectConfigurationPlatforms) = postSolution
		{2ECDC2D2-7625-4659-8617-F05552FEF44E}.Debug|Any CPU.ActiveCfg = Debug|Any CPU
		{2ECDC2D2-7625-4659-8617-F05552FEF44E}.Debug|Any CPU.Build.0 = Debug|Any CPU
		{2ECDC2D2-7625-4659-8617-F05552FEF44E}.Release|Any CPU.ActiveCfg = Release|Any CPU
		{2ECDC2D2-7625-4659-8617-F05552FEF44E}.Release|Any CPU.Build.0 = Release|Any CPU
	EndGlobalSection
	GlobalSection(SolutionProperties) = preSolution
		HideSolutionNode = FALSE
	EndGlobalSection
	GlobalSection(ExtensibilityGlobals) = postSolution
		SolutionGuid = {7B30475A-81F5-4461-BD0D-4AA3DF85F5F1}
	EndGlobalSection
EndGlobal
